
Microsoft Visual Studio Solution File, Format Version 12.00
Project("{FAE04EC0-301F-11D3-BF4B-00C04F79EFBC}") = "AuthGrpcService", "AuthGrpcService\AuthGrpcService.csproj", "{A6D97A93-827A-4954-8ABB-DBE3BE4109C8}"
EndProject
Project("{2150E333-8FDC-42A3-9474-1A3956D46DE8}") = "Solution Items", "Solution Items", "{BCC6CBDC-C5A2-4C62-AEC4-B8050F5731D6}"
	ProjectSection(SolutionItems) = preProject
		compose.yaml = compose.yaml
	EndProjectSection
EndProject
Global
	GlobalSection(SolutionConfigurationPlatforms) = preSolution
		Debug|Any CPU = Debug|Any CPU
		Release|Any CPU = Release|Any CPU
	EndGlobalSection
	GlobalSection(ProjectConfigurationPlatforms) = postSolution
		{A6D97A93-827A-4954-8ABB-DBE3BE4109C8}.Debug|Any CPU.ActiveCfg = Debug|Any CPU
		{A6D97A93-827A-4954-8ABB-DBE3BE4109C8}.Debug|Any CPU.Build.0 = Debug|Any CPU
		{A6D97A93-827A-4954-8ABB-DBE3BE4109C8}.Release|Any CPU.ActiveCfg = Release|Any CPU
		{A6D97A93-827A-4954-8ABB-DBE3BE4109C8}.Release|Any CPU.Build.0 = Release|Any CPU
	EndGlobalSection
EndGlobal
